// !$*UTF8*$!
{
	archiveVersion = 1;
	classes = {
	};
	objectVersion = 50;
	objects = {

/* Begin PBXBuildFile section */
		D4B24AE62535E149001BDFE7 /* AppDelegate.swift in Sources */ = {isa = PBXBuildFile; fileRef = D4B24AE52535E149001BDFE7 /* AppDelegate.swift */; };
		D4B24AE82535E149001BDFE7 /* SceneDelegate.swift in Sources */ = {isa = PBXBuildFile; fileRef = D4B24AE72535E149001BDFE7 /* SceneDelegate.swift */; };
		D4B24AEA2535E149001BDFE7 /* ViewController.swift in Sources */ = {isa = PBXBuildFile; fileRef = D4B24AE92535E149001BDFE7 /* ViewController.swift */; };
		D4B24AED2535E149001BDFE7 /* Main.storyboard in Resources */ = {isa = PBXBuildFile; fileRef = D4B24AEB2535E149001BDFE7 /* Main.storyboard */; };
		D4B24AEF2535E14B001BDFE7 /* Assets.xcassets in Resources */ = {isa = PBXBuildFile; fileRef = D4B24AEE2535E14B001BDFE7 /* Assets.xcassets */; };
		D4B24AF22535E14B001BDFE7 /* LaunchScreen.storyboard in Resources */ = {isa = PBXBuildFile; fileRef = D4B24AF02535E14B001BDFE7 /* LaunchScreen.storyboard */; };
		D4B24AFD2535E14B001BDFE7 /* firstTests.swift in Sources */ = {isa = PBXBuildFile; fileRef = D4B24AFC2535E14B001BDFE7 /* firstTests.swift */; };
		D4B24B082535E14B001BDFE7 /* firstUITests.swift in Sources */ = {isa = PBXBuildFile; fileRef = D4B24B072535E14B001BDFE7 /* firstUITests.swift */; };
/* End PBXBuildFile section */

/* Begin PBXContainerItemProxy section */
		D4B24AF92535E14B001BDFE7 /* PBXContainerItemProxy */ = {
			isa = PBXContainerItemProxy;
			containerPortal = D4B24ADA2535E149001BDFE7 /* Project object */;
			proxyType = 1;
			remoteGlobalIDString = D4B24AE12535E149001BDFE7;
			remoteInfo = first;
		};
		D4B24B042535E14B001BDFE7 /* PBXContainerItemProxy */ = {
			isa = PBXContainerItemProxy;
			containerPortal = D4B24ADA2535E149001BDFE7 /* Project object */;
			proxyType = 1;
			remoteGlobalIDString = D4B24AE12535E149001BDFE7;
			remoteInfo = first;
		};
/* End PBXContainerItemProxy section */

/* Begin PBXFileReference section */
		D4B24AE22535E149001BDFE7 /* first.app */ = {isa = PBXFileReference; explicitFileType = wrapper.application; includeInIndex = 0; path = first.app; sourceTree = BUILT_PRODUCTS_DIR; };
		D4B24AE52535E149001BDFE7 /* AppDelegate.swift */ = {isa = PBXFileReference; lastKnownFileType = sourcecode.swift; path = AppDelegate.swift; sourceTree = "<group>"; };
		D4B24AE72535E149001BDFE7 /* SceneDelegate.swift */ = {isa = PBXFileReference; lastKnownFileType = sourcecode.swift; path = SceneDelegate.swift; sourceTree = "<group>"; };
		D4B24AE92535E149001BDFE7 /* ViewController.swift */ = {isa = PBXFileReference; lastKnownFileType = sourcecode.swift; path = ViewController.swift; sourceTree = "<group>"; };
		D4B24AEC2535E149001BDFE7 /* Base */ = {isa = PBXFileReference; lastKnownFileType = file.storyboard; name = Base; path = Base.lproj/Main.storyboard; sourceTree = "<group>"; };
		D4B24AEE2535E14B001BDFE7 /* Assets.xcassets */ = {isa = PBXFileReference; lastKnownFileType = folder.assetcatalog; path = Assets.xcassets; sourceTree = "<group>"; };
		D4B24AF12535E14B001BDFE7 /* Base */ = {isa = PBXFileReference; lastKnownFileType = file.storyboard; name = Base; path = Base.lproj/LaunchScreen.storyboard; sourceTree = "<group>"; };
		D4B24AF32535E14B001BDFE7 /* Info.plist */ = {isa = PBXFileReference; lastKnownFileType = text.plist.xml; path = Info.plist; sourceTree = "<group>"; };
		D4B24AF82535E14B001BDFE7 /* firstTests.xctest */ = {isa = PBXFileReference; explicitFileType = wrapper.cfbundle; includeInIndex = 0; path = firstTests.xctest; sourceTree = BUILT_PRODUCTS_DIR; };
		D4B24AFC2535E14B001BDFE7 /* firstTests.swift */ = {isa = PBXFileReference; lastKnownFileType = sourcecode.swift; path = firstTests.swift; sourceTree = "<group>"; };
		D4B24AFE2535E14B001BDFE7 /* Info.plist */ = {isa = PBXFileReference; lastKnownFileType = text.plist.xml; path = Info.plist; sourceTree = "<group>"; };
		D4B24B032535E14B001BDFE7 /* firstUITests.xctest */ = {isa = PBXFileReference; explicitFileType = wrapper.cfbundle; includeInIndex = 0; path = firstUITests.xctest; sourceTree = BUILT_PRODUCTS_DIR; };
		D4B24B072535E14B001BDFE7 /* firstUITests.swift */ = {isa = PBXFileReference; lastKnownFileType = sourcecode.swift; path = firstUITests.swift; sourceTree = "<group>"; };
		D4B24B092535E14B001BDFE7 /* Info.plist */ = {isa = PBXFileReference; lastKnownFileType = text.plist.xml; path = Info.plist; sourceTree = "<group>"; };
/* End PBXFileReference section */

/* Begin PBXFrameworksBuildPhase section */
		D4B24ADF2535E149001BDFE7 /* Frameworks */ = {
			isa = PBXFrameworksBuildPhase;
			buildActionMask = 2147483647;
			files = (
			);
			runOnlyForDeploymentPostprocessing = 0;
		};
		D4B24AF52535E14B001BDFE7 /* Frameworks */ = {
			isa = PBXFrameworksBuildPhase;
			buildActionMask = 2147483647;
			files = (
			);
			runOnlyForDeploymentPostprocessing = 0;
		};
		D4B24B002535E14B001BDFE7 /* Frameworks */ = {
			isa = PBXFrameworksBuildPhase;
			buildActionMask = 2147483647;
			files = (
			);
			runOnlyForDeploymentPostprocessing = 0;
		};
/* End PBXFrameworksBuildPhase section */

/* Begin PBXGroup section */
		D4B24AD92535E149001BDFE7 = {
			isa = PBXGroup;
			children = (
				D4B24AE42535E149001BDFE7 /* first */,
				D4B24AFB2535E14B001BDFE7 /* firstTests */,
				D4B24B062535E14B001BDFE7 /* firstUITests */,
				D4B24AE32535E149001BDFE7 /* Products */,
			);
			sourceTree = "<group>";
		};
		D4B24AE32535E149001BDFE7 /* Products */ = {
			isa = PBXGroup;
			children = (
				D4B24AE22535E149001BDFE7 /* first.app */,
				D4B24AF82535E14B001BDFE7 /* firstTests.xctest */,
				D4B24B032535E14B001BDFE7 /* firstUITests.xctest */,
			);
			name = Products;
			sourceTree = "<group>";
		};
		D4B24AE42535E149001BDFE7 /* first */ = {
			isa = PBXGroup;
			children = (
				D4B24AE52535E149001BDFE7 /* AppDelegate.swift */,
				D4B24AE72535E149001BDFE7 /* SceneDelegate.swift */,
				D4B24AE92535E149001BDFE7 /* ViewController.swift */,
				D4B24AEB2535E149001BDFE7 /* Main.storyboard */,
				D4B24AEE2535E14B001BDFE7 /* Assets.xcassets */,
				D4B24AF02535E14B001BDFE7 /* LaunchScreen.storyboard */,
				D4B24AF32535E14B001BDFE7 /* Info.plist */,
			);
			path = first;
			sourceTree = "<group>";
		};
		D4B24AFB2535E14B001BDFE7 /* firstTests */ = {
			isa = PBXGroup;
			children = (
				D4B24AFC2535E14B001BDFE7 /* firstTests.swift */,
				D4B24AFE2535E14B001BDFE7 /* Info.plist */,
			);
			path = firstTests;
			sourceTree = "<group>";
		};
		D4B24B062535E14B001BDFE7 /* firstUITests */ = {
			isa = PBXGroup;
			children = (
				D4B24B072535E14B001BDFE7 /* firstUITests.swift */,
				D4B24B092535E14B001BDFE7 /* Info.plist */,
			);
			path = firstUITests;
			sourceTree = "<group>";
		};
/* End PBXGroup section */

/* Begin PBXNativeTarget section */
		D4B24AE12535E149001BDFE7 /* first */ = {
			isa = PBXNativeTarget;
			buildConfigurationList = D4B24B0C2535E14B001BDFE7 /* Build configuration list for PBXNativeTarget "first" */;
			buildPhases = (
				D4B24ADE2535E149001BDFE7 /* Sources */,
				D4B24ADF2535E149001BDFE7 /* Frameworks */,
				D4B24AE02535E149001BDFE7 /* Resources */,
			);
			buildRules = (
			);
			dependencies = (
			);
			name = first;
			productName = first;
			productReference = D4B24AE22535E149001BDFE7 /* first.app */;
			productType = "com.apple.product-type.application";
		};
		D4B24AF72535E14B001BDFE7 /* firstTests */ = {
			isa = PBXNativeTarget;
			buildConfigurationList = D4B24B0F2535E14B001BDFE7 /* Build configuration list for PBXNativeTarget "firstTests" */;
			buildPhases = (
				D4B24AF42535E14B001BDFE7 /* Sources */,
				D4B24AF52535E14B001BDFE7 /* Frameworks */,
				D4B24AF62535E14B001BDFE7 /* Resources */,
			);
			buildRules = (
			);
			dependencies = (
				D4B24AFA2535E14B001BDFE7 /* PBXTargetDependency */,
			);
			name = firstTests;
			productName = firstTests;
			productReference = D4B24AF82535E14B001BDFE7 /* firstTests.xctest */;
			productType = "com.apple.product-type.bundle.unit-test";
		};
		D4B24B022535E14B001BDFE7 /* firstUITests */ = {
			isa = PBXNativeTarget;
			buildConfigurationList = D4B24B122535E14B001BDFE7 /* Build configuration list for PBXNativeTarget "firstUITests" */;
			buildPhases = (
				D4B24AFF2535E14B001BDFE7 /* Sources */,
				D4B24B002535E14B001BDFE7 /* Frameworks */,
				D4B24B012535E14B001BDFE7 /* Resources */,
			);
			buildRules = (
			);
			dependencies = (
				D4B24B052535E14B001BDFE7 /* PBXTargetDependency */,
			);
			name = firstUITests;
			productName = firstUITests;
			productReference = D4B24B032535E14B001BDFE7 /* firstUITests.xctest */;
			productType = "com.apple.product-type.bundle.ui-testing";
		};
/* End PBXNativeTarget section */

/* Begin PBXProject section */
		D4B24ADA2535E149001BDFE7 /* Project object */ = {
			isa = PBXProject;
			attributes = {
				LastSwiftUpdateCheck = 1200;
				LastUpgradeCheck = 1200;
				TargetAttributes = {
					D4B24AE12535E149001BDFE7 = {
						CreatedOnToolsVersion = 12.0.1;
					};
					D4B24AF72535E14B001BDFE7 = {
						CreatedOnToolsVersion = 12.0.1;
						TestTargetID = D4B24AE12535E149001BDFE7;
					};
					D4B24B022535E14B001BDFE7 = {
						CreatedOnToolsVersion = 12.0.1;
						TestTargetID = D4B24AE12535E149001BDFE7;
					};
				};
			};
			buildConfigurationList = D4B24ADD2535E149001BDFE7 /* Build configuration list for PBXProject "first" */;
			compatibilityVersion = "Xcode 9.3";
			developmentRegion = en;
			hasScannedForEncodings = 0;
			knownRegions = (
				en,
				Base,
			);
			mainGroup = D4B24AD92535E149001BDFE7;
			productRefGroup = D4B24AE32535E149001BDFE7 /* Products */;
			projectDirPath = "";
			projectRoot = "";
			targets = (
				D4B24AE12535E149001BDFE7 /* first */,
				D4B24AF72535E14B001BDFE7 /* firstTests */,
				D4B24B022535E14B001BDFE7 /* firstUITests */,
			);
		};
/* End PBXProject section */

/* Begin PBXResourcesBuildPhase section */
		D4B24AE02535E149001BDFE7 /* Resources */ = {
			isa = PBXResourcesBuildPhase;
			buildActionMask = 2147483647;
			files = (
				D4B24AF22535E14B001BDFE7 /* LaunchScreen.storyboard in Resources */,
				D4B24AEF2535E14B001BDFE7 /* Assets.xcassets in Resources */,
				D4B24AED2535E149001BDFE7 /* Main.storyboard in Resources */,
			);
			runOnlyForDeploymentPostprocessing = 0;
		};
		D4B24AF62535E14B001BDFE7 /* Resources */ = {
			isa = PBXResourcesBuildPhase;
			buildActionMask = 2147483647;
			files = (
			);
			runOnlyForDeploymentPostprocessing = 0;
		};
		D4B24B012535E14B001BDFE7 /* Resources */ = {
			isa = PBXResourcesBuildPhase;
			buildActionMask = 2147483647;
			files = (
			);
			runOnlyForDeploymentPostprocessing = 0;
		};
/* End PBXResourcesBuildPhase section */

/* Begin PBXSourcesBuildPhase section */
		D4B24ADE2535E149001BDFE7 /* Sources */ = {
			isa = PBXSourcesBuildPhase;
			buildActionMask = 2147483647;
			files = (
				D4B24AEA2535E149001BDFE7 /* ViewController.swift in Sources */,
				D4B24AE62535E149001BDFE7 /* AppDelegate.swift in Sources */,
				D4B24AE82535E149001BDFE7 /* SceneDelegate.swift in Sources */,
			);
			runOnlyForDeploymentPostprocessing = 0;
		};
		D4B24AF42535E14B001BDFE7 /* Sources */ = {
			isa = PBXSourcesBuildPhase;
			buildActionMask = 2147483647;
			files = (
				D4B24AFD2535E14B001BDFE7 /* firstTests.swift in Sources */,
			);
			runOnlyForDeploymentPostprocessing = 0;
		};
		D4B24AFF2535E14B001BDFE7 /* Sources */ = {
			isa = PBXSourcesBuildPhase;
			buildActionMask = 2147483647;
			files = (
				D4B24B082535E14B001BDFE7 /* firstUITests.swift in Sources */,
			);
			runOnlyForDeploymentPostprocessing = 0;
		};
/* End PBXSourcesBuildPhase section */

/* Begin PBXTargetDependency section */
		D4B24AFA2535E14B001BDFE7 /* PBXTargetDependency */ = {
			isa = PBXTargetDependency;
			target = D4B24AE12535E149001BDFE7 /* first */;
			targetProxy = D4B24AF92535E14B001BDFE7 /* PBXContainerItemProxy */;
		};
		D4B24B052535E14B001BDFE7 /* PBXTargetDependency */ = {
			isa = PBXTargetDependency;
			target = D4B24AE12535E149001BDFE7 /* first */;
			targetProxy = D4B24B042535E14B001BDFE7 /* PBXContainerItemProxy */;
		};
/* End PBXTargetDependency section */

/* Begin PBXVariantGroup section */
		D4B24AEB2535E149001BDFE7 /* Main.storyboard */ = {
			isa = PBXVariantGroup;
			children = (
				D4B24AEC2535E149001BDFE7 /* Base */,
			);
			name = Main.storyboard;
			sourceTree = "<group>";
		};
		D4B24AF02535E14B001BDFE7 /* LaunchScreen.storyboard */ = {
			isa = PBXVariantGroup;
			children = (
				D4B24AF12535E14B001BDFE7 /* Base */,
			);
			name = LaunchScreen.storyboard;
			sourceTree = "<group>";
		};
/* End PBXVariantGroup section */

/* Begin XCBuildConfiguration section */
		D4B24B0A2535E14B001BDFE7 /* Debug */ = {
			isa = XCBuildConfiguration;
			buildSettings = {
				ALWAYS_SEARCH_USER_PATHS = NO;
				CLANG_ANALYZER_NONNULL = YES;
				CLANG_ANALYZER_NUMBER_OBJECT_CONVERSION = YES_AGGRESSIVE;
				CLANG_CXX_LANGUAGE_STANDARD = "gnu++14";
				CLANG_CXX_LIBRARY = "libc++";
				CLANG_ENABLE_MODULES = YES;
				CLANG_ENABLE_OBJC_ARC = YES;
				CLANG_ENABLE_OBJC_WEAK = YES;
				CLANG_WARN_BLOCK_CAPTURE_AUTORELEASING = YES;
				CLANG_WARN_BOOL_CONVERSION = YES;
				CLANG_WARN_COMMA = YES;
				CLANG_WARN_CONSTANT_CONVERSION = YES;
				CLANG_WARN_DEPRECATED_OBJC_IMPLEMENTATIONS = YES;
				CLANG_WARN_DIRECT_OBJC_ISA_USAGE = YES_ERROR;
				CLANG_WARN_DOCUMENTATION_COMMENTS = YES;
				CLANG_WARN_EMPTY_BODY = YES;
				CLANG_WARN_ENUM_CONVERSION = YES;
				CLANG_WARN_INFINITE_RECURSION = YES;
				CLANG_WARN_INT_CONVERSION = YES;
				CLANG_WARN_NON_LITERAL_NULL_CONVERSION = YES;
				CLANG_WARN_OBJC_IMPLICIT_RETAIN_SELF = YES;
				CLANG_WARN_OBJC_LITERAL_CONVERSION = YES;
				CLANG_WARN_OBJC_ROOT_CLASS = YES_ERROR;
				CLANG_WARN_QUOTED_INCLUDE_IN_FRAMEWORK_HEADER = YES;
				CLANG_WARN_RANGE_LOOP_ANALYSIS = YES;
				CLANG_WARN_STRICT_PROTOTYPES = YES;
				CLANG_WARN_SUSPICIOUS_MOVE = YES;
				CLANG_WARN_UNGUARDED_AVAILABILITY = YES_AGGRESSIVE;
				CLANG_WARN_UNREACHABLE_CODE = YES;
				CLANG_WARN__DUPLICATE_METHOD_MATCH = YES;
				COPY_PHASE_STRIP = NO;
				DEBUG_INFORMATION_FORMAT = dwarf;
				ENABLE_STRICT_OBJC_MSGSEND = YES;
				ENABLE_TESTABILITY = YES;
				GCC_C_LANGUAGE_STANDARD = gnu11;
				GCC_DYNAMIC_NO_PIC = NO;
				GCC_NO_COMMON_BLOCKS = YES;
				GCC_OPTIMIZATION_LEVEL = 0;
				GCC_PREPROCESSOR_DEFINITIONS = (
					"DEBUG=1",
					"$(inherited)",
				);
				GCC_WARN_64_TO_32_BIT_CONVERSION = YES;
				GCC_WARN_ABOUT_RETURN_TYPE = YES_ERROR;
				GCC_WARN_UNDECLARED_SELECTOR = YES;
				GCC_WARN_UNINITIALIZED_AUTOS = YES_AGGRESSIVE;
				GCC_WARN_UNUSED_FUNCTION = YES;
				GCC_WARN_UNUSED_VARIABLE = YES;
				IPHONEOS_DEPLOYMENT_TARGET = 14.0;
				MTL_ENABLE_DEBUG_INFO = INCLUDE_SOURCE;
				MTL_FAST_MATH = YES;
				ONLY_ACTIVE_ARCH = YES;
				SDKROOT = iphoneos;
				SWIFT_ACTIVE_COMPILATION_CONDITIONS = DEBUG;
				SWIFT_OPTIMIZATION_LEVEL = "-Onone";
			};
			name = Debug;
		};
		D4B24B0B2535E14B001BDFE7 /* Release */ = {
			isa = XCBuildConfiguration;
			buildSettings = {
				ALWAYS_SEARCH_USER_PATHS = NO;
				CLANG_ANALYZER_NONNULL = YES;
				CLANG_ANALYZER_NUMBER_OBJECT_CONVERSION = YES_AGGRESSIVE;
				CLANG_CXX_LANGUAGE_STANDARD = "gnu++14";
				CLANG_CXX_LIBRARY = "libc++";
				CLANG_ENABLE_MODULES = YES;
				CLANG_ENABLE_OBJC_ARC = YES;
				CLANG_ENABLE_OBJC_WEAK = YES;
				CLANG_WARN_BLOCK_CAPTURE_AUTORELEASING = YES;
				CLANG_WARN_BOOL_CONVERSION = YES;
				CLANG_WARN_COMMA = YES;
				CLANG_WARN_CONSTANT_CONVERSION = YES;
				CLANG_WARN_DEPRECATED_OBJC_IMPLEMENTATIONS = YES;
				CLANG_WARN_DIRECT_OBJC_ISA_USAGE = YES_ERROR;
				CLANG_WARN_DOCUMENTATION_COMMENTS = YES;
				CLANG_WARN_EMPTY_BODY = YES;
				CLANG_WARN_ENUM_CONVERSION = YES;
				CLANG_WARN_INFINITE_RECURSION = YES;
				CLANG_WARN_INT_CONVERSION = YES;
				CLANG_WARN_NON_LITERAL_NULL_CONVERSION = YES;
				CLANG_WARN_OBJC_IMPLICIT_RETAIN_SELF = YES;
				CLANG_WARN_OBJC_LITERAL_CONVERSION = YES;
				CLANG_WARN_OBJC_ROOT_CLASS = YES_ERROR;
				CLANG_WARN_QUOTED_INCLUDE_IN_FRAMEWORK_HEADER = YES;
				CLANG_WARN_RANGE_LOOP_ANALYSIS = YES;
				CLANG_WARN_STRICT_PROTOTYPES = YES;
				CLANG_WARN_SUSPICIOUS_MOVE = YES;
				CLANG_WARN_UNGUARDED_AVAILABILITY = YES_AGGRESSIVE;
				CLANG_WARN_UNREACHABLE_CODE = YES;
				CLANG_WARN__DUPLICATE_METHOD_MATCH = YES;
				COPY_PHASE_STRIP = NO;
				DEBUG_INFORMATION_FORMAT = "dwarf-with-dsym";
				ENABLE_NS_ASSERTIONS = NO;
				ENABLE_STRICT_OBJC_MSGSEND = YES;
				GCC_C_LANGUAGE_STANDARD = gnu11;
				GCC_NO_COMMON_BLOCKS = YES;
				GCC_WARN_64_TO_32_BIT_CONVERSION = YES;
				GCC_WARN_ABOUT_RETURN_TYPE = YES_ERROR;
				GCC_WARN_UNDECLARED_SELECTOR = YES;
				GCC_WARN_UNINITIALIZED_AUTOS = YES_AGGRESSIVE;
				GCC_WARN_UNUSED_FUNCTION = YES;
				GCC_WARN_UNUSED_VARIABLE = YES;
				IPHONEOS_DEPLOYMENT_TARGET = 14.0;
				MTL_ENABLE_DEBUG_INFO = NO;
				MTL_FAST_MATH = YES;
				SDKROOT = iphoneos;
				SWIFT_COMPILATION_MODE = wholemodule;
				SWIFT_OPTIMIZATION_LEVEL = "-O";
				VALIDATE_PRODUCT = YES;
			};
			name = Release;
		};
		D4B24B0D2535E14B001BDFE7 /* Debug */ = {
			isa = XCBuildConfiguration;
			buildSettings = {
				ASSETCATALOG_COMPILER_APPICON_NAME = AppIcon;
				ASSETCATALOG_COMPILER_GLOBAL_ACCENT_COLOR_NAME = AccentColor;
				CODE_SIGN_STYLE = Automatic;
				INFOPLIST_FILE = first/Info.plist;
				LD_RUNPATH_SEARCH_PATHS = (
					"$(inherited)",
					"@executable_path/Frameworks",
				);
				PRODUCT_BUNDLE_IDENTIFIER = com.aec.first;
				PRODUCT_NAME = "$(TARGET_NAME)";
				SWIFT_VERSION = 5.0;
				TARGETED_DEVICE_FAMILY = "1,2";
			};
			name = Debug;
		};
		D4B24B0E2535E14B001BDFE7 /* Release */ = {
			isa = XCBuildConfiguration;
			buildSettings = {
				ASSETCATALOG_COMPILER_APPICON_NAME = AppIcon;
				ASSETCATALOG_COMPILER_GLOBAL_ACCENT_COLOR_NAME = AccentColor;
				CODE_SIGN_STYLE = Automatic;
				INFOPLIST_FILE = first/Info.plist;
				LD_RUNPATH_SEARCH_PATHS = (
					"$(inherited)",
					"@executable_path/Frameworks",
				);
				PRODUCT_BUNDLE_IDENTIFIER = com.aec.first;
				PRODUCT_NAME = "$(TARGET_NAME)";
				SWIFT_VERSION = 5.0;
				TARGETED_DEVICE_FAMILY = "1,2";
			};
			name = Release;
		};
		D4B24B102535E14B001BDFE7 /* Debug */ = {
			isa = XCBuildConfiguration;
			buildSettings = {
				ALWAYS_EMBED_SWIFT_STANDARD_LIBRARIES = YES;
				BUNDLE_LOADER = "$(TEST_HOST)";
				CODE_SIGN_STYLE = Automatic;
				INFOPLIST_FILE = firstTests/Info.plist;
				IPHONEOS_DEPLOYMENT_TARGET = 14.0;
				LD_RUNPATH_SEARCH_PATHS = (
					"$(inherited)",
					"@executable_path/Frameworks",
					"@loader_path/Frameworks",
				);
				PRODUCT_BUNDLE_IDENTIFIER = com.aec.firstTests;
				PRODUCT_NAME = "$(TARGET_NAME)";
				SWIFT_VERSION = 5.0;
				TARGETED_DEVICE_FAMILY = "1,2";
				TEST_HOST = "$(BUILT_PRODUCTS_DIR)/first.app/first";
			};
			name = Debug;
		};
		D4B24B112535E14B001BDFE7 /* Release */ = {
			isa = XCBuildConfiguration;
			buildSettings = {
				ALWAYS_EMBED_SWIFT_STANDARD_LIBRARIES = YES;
				BUNDLE_LOADER = "$(TEST_HOST)";
				CODE_SIGN_STYLE = Automatic;
				INFOPLIST_FILE = firstTests/Info.plist;
				IPHONEOS_DEPLOYMENT_TARGET = 14.0;
				LD_RUNPATH_SEARCH_PATHS = (
					"$(inherited)",
					"@executable_path/Frameworks",
					"@loader_path/Frameworks",
				);
				PRODUCT_BUNDLE_IDENTIFIER = com.aec.firstTests;
				PRODUCT_NAME = "$(TARGET_NAME)";
				SWIFT_VERSION = 5.0;
				TARGETED_DEVICE_FAMILY = "1,2";
				TEST_HOST = "$(BUILT_PRODUCTS_DIR)/first.app/first";
			};
			name = Release;
		};
		D4B24B132535E14B001BDFE7 /* Debug */ = {
			isa = XCBuildConfiguration;
			buildSettings = {
				ALWAYS_EMBED_SWIFT_STANDARD_LIBRARIES = YES;
				CODE_SIGN_STYLE = Automatic;
				INFOPLIST_FILE = firstUITests/Info.plist;
				LD_RUNPATH_SEARCH_PATHS = (
					"$(inherited)",
					"@executable_path/Frameworks",
					"@loader_path/Frameworks",
				);
				PRODUCT_BUNDLE_IDENTIFIER = com.aec.firstUITests;
				PRODUCT_NAME = "$(TARGET_NAME)";
				SWIFT_VERSION = 5.0;
				TARGETED_DEVICE_FAMILY = "1,2";
				TEST_TARGET_NAME = first;
			};
			name = Debug;
		};
		D4B24B142535E14B001BDFE7 /* Release */ = {
			isa = XCBuildConfiguration;
			buildSettings = {
				ALWAYS_EMBED_SWIFT_STANDARD_LIBRARIES = YES;
				CODE_SIGN_STYLE = Automatic;
				INFOPLIST_FILE = firstUITests/Info.plist;
				LD_RUNPATH_SEARCH_PATHS = (
					"$(inherited)",
					"@executable_path/Frameworks",
					"@loader_path/Frameworks",
				);
				PRODUCT_BUNDLE_IDENTIFIER = com.aec.firstUITests;
				PRODUCT_NAME = "$(TARGET_NAME)";
				SWIFT_VERSION = 5.0;
				TARGETED_DEVICE_FAMILY = "1,2";
				TEST_TARGET_NAME = first;
			};
			name = Release;
		};
/* End XCBuildConfiguration section */

/* Begin XCConfigurationList section */
		D4B24ADD2535E149001BDFE7 /* Build configuration list for PBXProject "first" */ = {
			isa = XCConfigurationList;
			buildConfigurations = (
				D4B24B0A2535E14B001BDFE7 /* Debug */,
				D4B24B0B2535E14B001BDFE7 /* Release */,
			);
			defaultConfigurationIsVisible = 0;
			defaultConfigurationName = Release;
		};
		D4B24B0C2535E14B001BDFE7 /* Build configuration list for PBXNativeTarget "first" */ = {
			isa = XCConfigurationList;
			buildConfigurations = (
				D4B24B0D2535E14B001BDFE7 /* Debug */,
				D4B24B0E2535E14B001BDFE7 /* Release */,
			);
			defaultConfigurationIsVisible = 0;
			defaultConfigurationName = Release;
		};
		D4B24B0F2535E14B001BDFE7 /* Build configuration list for PBXNativeTarget "firstTests" */ = {
			isa = XCConfigurationList;
			buildConfigurations = (
				D4B24B102535E14B001BDFE7 /* Debug */,
				D4B24B112535E14B001BDFE7 /* Release */,
			);
			defaultConfigurationIsVisible = 0;
			defaultConfigurationName = Release;
		};
		D4B24B122535E14B001BDFE7 /* Build configuration list for PBXNativeTarget "firstUITests" */ = {
			isa = XCConfigurationList;
			buildConfigurations = (
				D4B24B132535E14B001BDFE7 /* Debug */,
				D4B24B142535E14B001BDFE7 /* Release */,
			);
			defaultConfigurationIsVisible = 0;
			defaultConfigurationName = Release;
		};
/* End XCConfigurationList section */
	};
	rootObject = D4B24ADA2535E149001BDFE7 /* Project object */;
}
